
Microsoft Visual Studio Solution File, Format Version 12.00
# Visual Studio Version 17
VisualStudioVersion = 17.7.34202.233
MinimumVisualStudioVersion = 10.0.40219.1
Project("{9A19103F-16F7-4668-BE54-9A1E7A4F7556}") = "FirstApp", "FirstApp\FirstApp.csproj", "{17C185C7-40D1-4DC8-A8AD-8279FCD5CD46}"
EndProject
Project("{9A19103F-16F7-4668-BE54-9A1E7A4F7556}") = "secondapp", "secondapp\secondapp.csproj", "{C6BC1F22-AAE0-4C6F-9437-43EED14D5F00}"
EndProject
Project("{9A19103F-16F7-4668-BE54-9A1E7A4F7556}") = "mywebapp", "mywebapp\mywebapp.csproj", "{29EC6369-2AF9-4748-A205-E6CAEB79C098}"
EndProject
Project("{9A19103F-16F7-4668-BE54-9A1E7A4F7556}") = "winApp", "winApp\winApp.csproj", "{EDCBF135-8D08-4844-9340-4584FE15D757}"
EndProject
Project("{9A19103F-16F7-4668-BE54-9A1E7A4F7556}") = "myclasslib", "myclasslib\myclasslib.csproj", "{93A8B72D-E48C-4C6F-B1DA-82D9280D1DB6}"
EndProject
Project("{2150E333-8FDC-42A3-9474-1A3956D46DE8}") = "EmpSystem", "EmpSystem", "{6D3E322D-821A-445A-9ECE-6D36149BD98A}"
EndProject
Project("{9A19103F-16F7-4668-BE54-9A1E7A4F7556}") = "EmpLib", "EmpLib\EmpLib.csproj", "{658E4F88-5DBA-4EE1-B62A-8A008C62C514}"
EndProject
Project("{9A19103F-16F7-4668-BE54-9A1E7A4F7556}") = "EmpConsole", "EmpConsole\EmpConsole.csproj", "{11CF0243-C34F-4BAC-AC58-2344346D5FE9}"
EndProject
Project("{2150E333-8FDC-42A3-9474-1A3956D46DE8}") = "PL", "PL", "{3F4D755D-BDBC-4CE2-950C-02C48BACEFB6}"
EndProject
Project("{2150E333-8FDC-42A3-9474-1A3956D46DE8}") = "BL", "BL", "{A3ECBF03-0A5C-4D62-8426-A4DAA13CD1B7}"
EndProject
Project("{9A19103F-16F7-4668-BE54-9A1E7A4F7556}") = "EmpForms", "EmpForms\EmpForms.csproj", "{5B66DADA-2CB7-49BF-B3BE-2428B5E3749D}"
EndProject
Project("{2150E333-8FDC-42A3-9474-1A3956D46DE8}") = "ShapeManager", "ShapeManager", "{C97D9093-A9A7-455C-A6D1-D0549FC185FB}"
EndProject
Project("{9A19103F-16F7-4668-BE54-9A1E7A4F7556}") = "ShapeLib", "ShapeLib\ShapeLib.csproj", "{5E60DC25-57CC-4AB0-828F-5836F73A9796}"
EndProject
Project("{9A19103F-16F7-4668-BE54-9A1E7A4F7556}") = "ShapeConsole", "ShapeConsole\ShapeConsole.csproj", "{D4F534B2-77AA-4151-8D74-CA9615645351}"
EndProject
Project("{9A19103F-16F7-4668-BE54-9A1E7A4F7556}") = "Delegates", "Delegates\Delegates.csproj", "{AB8EC579-A773-45E7-8410-1F0BD23E68E4}"
EndProject
Project("{2150E333-8FDC-42A3-9474-1A3956D46DE8}") = "DAL", "DAL", "{F13C03F0-592E-483F-B6DD-1E55AF6D1CFF}"
EndProject
Project("{9A19103F-16F7-4668-BE54-9A1E7A4F7556}") = "TestDal", "TestDal\TestDal.csproj", "{4BD0CEF2-0E2C-47E2-928E-E3E0869E4FA5}"
EndProject
Project("{2150E333-8FDC-42A3-9474-1A3956D46DE8}") = "LABDAL", "LABDAL", "{81574463-A375-4F65-B2FA-AB28F4C14DAE}"
EndProject
Project("{9A19103F-16F7-4668-BE54-9A1E7A4F7556}") = "MYLAB", "MYLAB\MYLAB.csproj", "{DCC58A8A-93F8-47F7-862F-A9E2A014B569}"
EndProject
Project("{9A19103F-16F7-4668-BE54-9A1E7A4F7556}") = "TestDbConsole", "TestDbConsole\TestDbConsole.csproj", "{0D4EE995-8706-4771-BB47-C65F7EECCD20}"
EndProject
Project("{9A19103F-16F7-4668-BE54-9A1E7A4F7556}") = "DbFirstEF", "DbFirstEF\DbFirstEF.csproj", "{36F3F7A4-1B32-4127-8546-BCDE8051B9E5}"
EndProject
Project("{9A19103F-16F7-4668-BE54-9A1E7A4F7556}") = "SampleWebApp", "SampleWebApp\SampleWebApp.csproj", "{A1EA4BC9-6BBC-4E07-A243-34404F0E79A5}"
EndProject
Project("{9A19103F-16F7-4668-BE54-9A1E7A4F7556}") = "EmpDal", "EmpDal\EmpDal.csproj", "{669EE972-3363-4573-A21B-0F22F5242306}"
EndProject
Project("{2150E333-8FDC-42A3-9474-1A3956D46DE8}") = "ProductTemplate", "ProductTemplate", "{8989D21C-96FB-4469-B0B5-45195A23262B}"
EndProject
Project("{9A19103F-16F7-4668-BE54-9A1E7A4F7556}") = "WebPL", "WebPL\WebPL.csproj", "{FE5602B1-D600-48D8-8625-8860AAE6CF93}"
EndProject
Project("{9A19103F-16F7-4668-BE54-9A1E7A4F7556}") = "BLLib1", "BLLib1\BLLib1.csproj", "{8060FBD1-E901-48D2-9A35-0477A9303F39}"
EndProject
Project("{9A19103F-16F7-4668-BE54-9A1E7A4F7556}") = "BLLib2", "BLLib2\BLLib2.csproj", "{168CD441-85D0-4E5F-9C71-7B14619534C2}"
EndProject
Project("{9A19103F-16F7-4668-BE54-9A1E7A4F7556}") = "DalLib", "DalLib\DalLib.csproj", "{CF3361DA-2E27-4A5D-A273-CF1FFC85DB3D}"
EndProject
Project("{9A19103F-16F7-4668-BE54-9A1E7A4F7556}") = "ServiceApi", "ServiceApi\ServiceApi.csproj", "{BF6A788C-10F1-44E2-8E9B-1C93D987BB55}"
EndProject
Project("{2150E333-8FDC-42A3-9474-1A3956D46DE8}") = "BL", "BL", "{CFE57842-8BED-43E6-8826-3FD38DEC2EC7}"
EndProject
Project("{9A19103F-16F7-4668-BE54-9A1E7A4F7556}") = "EmpMvc", "EmpMvc\EmpMvc.csproj", "{AC8BC0C9-3501-4628-8820-81D3653C6204}"
EndProject
Project("{9A19103F-16F7-4668-BE54-9A1E7A4F7556}") = "FirstApi", "FirstApi\FirstApi.csproj", "{5C18FA53-B907-4066-9DF8-D2AE24631515}"
EndProject
Project("{9A19103F-16F7-4668-BE54-9A1E7A4F7556}") = "DependencyInjection", "DependencyInjection\DependencyInjection.csproj", "{22FA9E6A-1712-4BA9-8556-6F770C07AC30}"
EndProject
Project("{FAE04EC0-301F-11D3-BF4B-00C04F79EFBC}") = "IndividualAuth", "IndividualAuth\IndividualAuth.csproj", "{62BF5FE2-02EB-45A2-94C6-57DF7B26E9A7}"
EndProject
Project("{FAE04EC0-301F-11D3-BF4B-00C04F79EFBC}") = "WindowsAuth", "WindowsAuth\WindowsAuth.csproj", "{90482E93-F0FB-4B89-87FB-657637E6ACBE}"
EndProject
Project("{FAE04EC0-301F-11D3-BF4B-00C04F79EFBC}") = "JWTAuth", "JWTAuth\JWTAuth.csproj", "{BF79CF17-C62E-4DD3-967B-B49852142CA4}"
EndProject
Project("{2150E333-8FDC-42A3-9474-1A3956D46DE8}") = "WebApiClients", "WebApiClients", "{BD37F78A-16FA-4B17-B1A5-82D4B46E8C3A}"
EndProject
Project("{FAE04EC0-301F-11D3-BF4B-00C04F79EFBC}") = "ConsoleClient", "ConsoleClient\ConsoleClient.csproj", "{38BB3A0C-9454-41FA-8843-81DD91D8B79C}"
EndProject
Project("{FAE04EC0-301F-11D3-BF4B-00C04F79EFBC}") = "AsynAwait", "AsynAwait\AsynAwait.csproj", "{2B7A0AE1-468E-454F-A1A8-B0E2E31C9BEF}"
EndProject
Global
	GlobalSection(SolutionConfigurationPlatforms) = preSolution
		Debug|Any CPU = Debug|Any CPU
		Release|Any CPU = Release|Any CPU
	EndGlobalSection
	GlobalSection(ProjectConfigurationPlatforms) = postSolution
		{17C185C7-40D1-4DC8-A8AD-8279FCD5CD46}.Debug|Any CPU.ActiveCfg = Debug|Any CPU
		{17C185C7-40D1-4DC8-A8AD-8279FCD5CD46}.Debug|Any CPU.Build.0 = Debug|Any CPU
		{17C185C7-40D1-4DC8-A8AD-8279FCD5CD46}.Release|Any CPU.ActiveCfg = Release|Any CPU
		{17C185C7-40D1-4DC8-A8AD-8279FCD5CD46}.Release|Any CPU.Build.0 = Release|Any CPU
		{C6BC1F22-AAE0-4C6F-9437-43EED14D5F00}.Debug|Any CPU.ActiveCfg = Debug|Any CPU
		{C6BC1F22-AAE0-4C6F-9437-43EED14D5F00}.Debug|Any CPU.Build.0 = Debug|Any CPU
		{C6BC1F22-AAE0-4C6F-9437-43EED14D5F00}.Release|Any CPU.ActiveCfg = Release|Any CPU
		{C6BC1F22-AAE0-4C6F-9437-43EED14D5F00}.Release|Any CPU.Build.0 = Release|Any CPU
		{29EC6369-2AF9-4748-A205-E6CAEB79C098}.Debug|Any CPU.ActiveCfg = Debug|Any CPU
		{29EC6369-2AF9-4748-A205-E6CAEB79C098}.Debug|Any CPU.Build.0 = Debug|Any CPU
		{29EC6369-2AF9-4748-A205-E6CAEB79C098}.Release|Any CPU.ActiveCfg = Release|Any CPU
		{29EC6369-2AF9-4748-A205-E6CAEB79C098}.Release|Any CPU.Build.0 = Release|Any CPU
		{EDCBF135-8D08-4844-9340-4584FE15D757}.Debug|Any CPU.ActiveCfg = Debug|Any CPU
		{EDCBF135-8D08-4844-9340-4584FE15D757}.Debug|Any CPU.Build.0 = Debug|Any CPU
		{EDCBF135-8D08-4844-9340-4584FE15D757}.Release|Any CPU.ActiveCfg = Release|Any CPU
		{EDCBF135-8D08-4844-9340-4584FE15D757}.Release|Any CPU.Build.0 = Release|Any CPU
		{93A8B72D-E48C-4C6F-B1DA-82D9280D1DB6}.Debug|Any CPU.ActiveCfg = Debug|Any CPU
		{93A8B72D-E48C-4C6F-B1DA-82D9280D1DB6}.Debug|Any CPU.Build.0 = Debug|Any CPU
		{93A8B72D-E48C-4C6F-B1DA-82D9280D1DB6}.Release|Any CPU.ActiveCfg = Release|Any CPU
		{93A8B72D-E48C-4C6F-B1DA-82D9280D1DB6}.Release|Any CPU.Build.0 = Release|Any CPU
		{658E4F88-5DBA-4EE1-B62A-8A008C62C514}.Debug|Any CPU.ActiveCfg = Debug|Any CPU
		{658E4F88-5DBA-4EE1-B62A-8A008C62C514}.Debug|Any CPU.Build.0 = Debug|Any CPU
		{658E4F88-5DBA-4EE1-B62A-8A008C62C514}.Release|Any CPU.ActiveCfg = Release|Any CPU
		{658E4F88-5DBA-4EE1-B62A-8A008C62C514}.Release|Any CPU.Build.0 = Release|Any CPU
		{11CF0243-C34F-4BAC-AC58-2344346D5FE9}.Debug|Any CPU.ActiveCfg = Debug|Any CPU
		{11CF0243-C34F-4BAC-AC58-2344346D5FE9}.Debug|Any CPU.Build.0 = Debug|Any CPU
		{11CF0243-C34F-4BAC-AC58-2344346D5FE9}.Release|Any CPU.ActiveCfg = Release|Any CPU
		{11CF0243-C34F-4BAC-AC58-2344346D5FE9}.Release|Any CPU.Build.0 = Release|Any CPU
		{5B66DADA-2CB7-49BF-B3BE-2428B5E3749D}.Debug|Any CPU.ActiveCfg = Debug|Any CPU
		{5B66DADA-2CB7-49BF-B3BE-2428B5E3749D}.Debug|Any CPU.Build.0 = Debug|Any CPU
		{5B66DADA-2CB7-49BF-B3BE-2428B5E3749D}.Release|Any CPU.ActiveCfg = Release|Any CPU
		{5B66DADA-2CB7-49BF-B3BE-2428B5E3749D}.Release|Any CPU.Build.0 = Release|Any CPU
		{5E60DC25-57CC-4AB0-828F-5836F73A9796}.Debug|Any CPU.ActiveCfg = Debug|Any CPU
		{5E60DC25-57CC-4AB0-828F-5836F73A9796}.Debug|Any CPU.Build.0 = Debug|Any CPU
		{5E60DC25-57CC-4AB0-828F-5836F73A9796}.Release|Any CPU.ActiveCfg = Release|Any CPU
		{5E60DC25-57CC-4AB0-828F-5836F73A9796}.Release|Any CPU.Build.0 = Release|Any CPU
		{D4F534B2-77AA-4151-8D74-CA9615645351}.Debug|Any CPU.ActiveCfg = Debug|Any CPU
		{D4F534B2-77AA-4151-8D74-CA9615645351}.Debug|Any CPU.Build.0 = Debug|Any CPU
		{D4F534B2-77AA-4151-8D74-CA9615645351}.Release|Any CPU.ActiveCfg = Release|Any CPU
		{D4F534B2-77AA-4151-8D74-CA9615645351}.Release|Any CPU.Build.0 = Release|Any CPU
		{AB8EC579-A773-45E7-8410-1F0BD23E68E4}.Debug|Any CPU.ActiveCfg = Debug|Any CPU
		{AB8EC579-A773-45E7-8410-1F0BD23E68E4}.Debug|Any CPU.Build.0 = Debug|Any CPU
		{AB8EC579-A773-45E7-8410-1F0BD23E68E4}.Release|Any CPU.ActiveCfg = Release|Any CPU
		{AB8EC579-A773-45E7-8410-1F0BD23E68E4}.Release|Any CPU.Build.0 = Release|Any CPU
		{4BD0CEF2-0E2C-47E2-928E-E3E0869E4FA5}.Debug|Any CPU.ActiveCfg = Debug|Any CPU
		{4BD0CEF2-0E2C-47E2-928E-E3E0869E4FA5}.Debug|Any CPU.Build.0 = Debug|Any CPU
		{4BD0CEF2-0E2C-47E2-928E-E3E0869E4FA5}.Release|Any CPU.ActiveCfg = Release|Any CPU
		{4BD0CEF2-0E2C-47E2-928E-E3E0869E4FA5}.Release|Any CPU.Build.0 = Release|Any CPU
		{DCC58A8A-93F8-47F7-862F-A9E2A014B569}.Debug|Any CPU.ActiveCfg = Debug|Any CPU
		{DCC58A8A-93F8-47F7-862F-A9E2A014B569}.Debug|Any CPU.Build.0 = Debug|Any CPU
		{DCC58A8A-93F8-47F7-862F-A9E2A014B569}.Release|Any CPU.ActiveCfg = Release|Any CPU
		{DCC58A8A-93F8-47F7-862F-A9E2A014B569}.Release|Any CPU.Build.0 = Release|Any CPU
		{0D4EE995-8706-4771-BB47-C65F7EECCD20}.Debug|Any CPU.ActiveCfg = Debug|Any CPU
		{0D4EE995-8706-4771-BB47-C65F7EECCD20}.Debug|Any CPU.Build.0 = Debug|Any CPU
		{0D4EE995-8706-4771-BB47-C65F7EECCD20}.Release|Any CPU.ActiveCfg = Release|Any CPU
		{0D4EE995-8706-4771-BB47-C65F7EECCD20}.Release|Any CPU.Build.0 = Release|Any CPU
		{36F3F7A4-1B32-4127-8546-BCDE8051B9E5}.Debug|Any CPU.ActiveCfg = Debug|Any CPU
		{36F3F7A4-1B32-4127-8546-BCDE8051B9E5}.Debug|Any CPU.Build.0 = Debug|Any CPU
		{36F3F7A4-1B32-4127-8546-BCDE8051B9E5}.Release|Any CPU.ActiveCfg = Release|Any CPU
		{36F3F7A4-1B32-4127-8546-BCDE8051B9E5}.Release|Any CPU.Build.0 = Release|Any CPU
		{A1EA4BC9-6BBC-4E07-A243-34404F0E79A5}.Debug|Any CPU.ActiveCfg = Debug|Any CPU
		{A1EA4BC9-6BBC-4E07-A243-34404F0E79A5}.Debug|Any CPU.Build.0 = Debug|Any CPU
		{A1EA4BC9-6BBC-4E07-A243-34404F0E79A5}.Release|Any CPU.ActiveCfg = Release|Any CPU
		{A1EA4BC9-6BBC-4E07-A243-34404F0E79A5}.Release|Any CPU.Build.0 = Release|Any CPU
		{669EE972-3363-4573-A21B-0F22F5242306}.Debug|Any CPU.ActiveCfg = Debug|Any CPU
		{669EE972-3363-4573-A21B-0F22F5242306}.Debug|Any CPU.Build.0 = Debug|Any CPU
		{669EE972-3363-4573-A21B-0F22F5242306}.Release|Any CPU.ActiveCfg = Release|Any CPU
		{669EE972-3363-4573-A21B-0F22F5242306}.Release|Any CPU.Build.0 = Release|Any CPU
		{FE5602B1-D600-48D8-8625-8860AAE6CF93}.Debug|Any CPU.ActiveCfg = Debug|Any CPU
		{FE5602B1-D600-48D8-8625-8860AAE6CF93}.Debug|Any CPU.Build.0 = Debug|Any CPU
		{FE5602B1-D600-48D8-8625-8860AAE6CF93}.Release|Any CPU.ActiveCfg = Release|Any CPU
		{FE5602B1-D600-48D8-8625-8860AAE6CF93}.Release|Any CPU.Build.0 = Release|Any CPU
		{8060FBD1-E901-48D2-9A35-0477A9303F39}.Debug|Any CPU.ActiveCfg = Debug|Any CPU
		{8060FBD1-E901-48D2-9A35-0477A9303F39}.Debug|Any CPU.Build.0 = Debug|Any CPU
		{8060FBD1-E901-48D2-9A35-0477A9303F39}.Release|Any CPU.ActiveCfg = Release|Any CPU
		{8060FBD1-E901-48D2-9A35-0477A9303F39}.Release|Any CPU.Build.0 = Release|Any CPU
		{168CD441-85D0-4E5F-9C71-7B14619534C2}.Debug|Any CPU.ActiveCfg = Debug|Any CPU
		{168CD441-85D0-4E5F-9C71-7B14619534C2}.Debug|Any CPU.Build.0 = Debug|Any CPU
		{168CD441-85D0-4E5F-9C71-7B14619534C2}.Release|Any CPU.ActiveCfg = Release|Any CPU
		{168CD441-85D0-4E5F-9C71-7B14619534C2}.Release|Any CPU.Build.0 = Release|Any CPU
		{CF3361DA-2E27-4A5D-A273-CF1FFC85DB3D}.Debug|Any CPU.ActiveCfg = Debug|Any CPU
		{CF3361DA-2E27-4A5D-A273-CF1FFC85DB3D}.Debug|Any CPU.Build.0 = Debug|Any CPU
		{CF3361DA-2E27-4A5D-A273-CF1FFC85DB3D}.Release|Any CPU.ActiveCfg = Release|Any CPU
		{CF3361DA-2E27-4A5D-A273-CF1FFC85DB3D}.Release|Any CPU.Build.0 = Release|Any CPU
		{BF6A788C-10F1-44E2-8E9B-1C93D987BB55}.Debug|Any CPU.ActiveCfg = Debug|Any CPU
		{BF6A788C-10F1-44E2-8E9B-1C93D987BB55}.Debug|Any CPU.Build.0 = Debug|Any CPU
		{BF6A788C-10F1-44E2-8E9B-1C93D987BB55}.Release|Any CPU.ActiveCfg = Release|Any CPU
		{BF6A788C-10F1-44E2-8E9B-1C93D987BB55}.Release|Any CPU.Build.0 = Release|Any CPU
		{AC8BC0C9-3501-4628-8820-81D3653C6204}.Debug|Any CPU.ActiveCfg = Debug|Any CPU
		{AC8BC0C9-3501-4628-8820-81D3653C6204}.Debug|Any CPU.Build.0 = Debug|Any CPU
		{AC8BC0C9-3501-4628-8820-81D3653C6204}.Release|Any CPU.ActiveCfg = Release|Any CPU
		{AC8BC0C9-3501-4628-8820-81D3653C6204}.Release|Any CPU.Build.0 = Release|Any CPU
		{5C18FA53-B907-4066-9DF8-D2AE24631515}.Debug|Any CPU.ActiveCfg = Debug|Any CPU
		{5C18FA53-B907-4066-9DF8-D2AE24631515}.Debug|Any CPU.Build.0 = Debug|Any CPU
		{5C18FA53-B907-4066-9DF8-D2AE24631515}.Release|Any CPU.ActiveCfg = Release|Any CPU
		{5C18FA53-B907-4066-9DF8-D2AE24631515}.Release|Any CPU.Build.0 = Release|Any CPU
		{22FA9E6A-1712-4BA9-8556-6F770C07AC30}.Debug|Any CPU.ActiveCfg = Debug|Any CPU
		{22FA9E6A-1712-4BA9-8556-6F770C07AC30}.Debug|Any CPU.Build.0 = Debug|Any CPU
		{22FA9E6A-1712-4BA9-8556-6F770C07AC30}.Release|Any CPU.ActiveCfg = Release|Any CPU
		{22FA9E6A-1712-4BA9-8556-6F770C07AC30}.Release|Any CPU.Build.0 = Release|Any CPU
		{62BF5FE2-02EB-45A2-94C6-57DF7B26E9A7}.Debug|Any CPU.ActiveCfg = Debug|Any CPU
		{62BF5FE2-02EB-45A2-94C6-57DF7B26E9A7}.Debug|Any CPU.Build.0 = Debug|Any CPU
		{62BF5FE2-02EB-45A2-94C6-57DF7B26E9A7}.Release|Any CPU.ActiveCfg = Release|Any CPU
		{62BF5FE2-02EB-45A2-94C6-57DF7B26E9A7}.Release|Any CPU.Build.0 = Release|Any CPU
		{90482E93-F0FB-4B89-87FB-657637E6ACBE}.Debug|Any CPU.ActiveCfg = Debug|Any CPU
		{90482E93-F0FB-4B89-87FB-657637E6ACBE}.Debug|Any CPU.Build.0 = Debug|Any CPU
		{90482E93-F0FB-4B89-87FB-657637E6ACBE}.Release|Any CPU.ActiveCfg = Release|Any CPU
		{90482E93-F0FB-4B89-87FB-657637E6ACBE}.Release|Any CPU.Build.0 = Release|Any CPU
		{BF79CF17-C62E-4DD3-967B-B49852142CA4}.Debug|Any CPU.ActiveCfg = Debug|Any CPU
		{BF79CF17-C62E-4DD3-967B-B49852142CA4}.Debug|Any CPU.Build.0 = Debug|Any CPU
		{BF79CF17-C62E-4DD3-967B-B49852142CA4}.Release|Any CPU.ActiveCfg = Release|Any CPU
		{BF79CF17-C62E-4DD3-967B-B49852142CA4}.Release|Any CPU.Build.0 = Release|Any CPU
		{38BB3A0C-9454-41FA-8843-81DD91D8B79C}.Debug|Any CPU.ActiveCfg = Debug|Any CPU
		{38BB3A0C-9454-41FA-8843-81DD91D8B79C}.Debug|Any CPU.Build.0 = Debug|Any CPU
		{38BB3A0C-9454-41FA-8843-81DD91D8B79C}.Release|Any CPU.ActiveCfg = Release|Any CPU
		{38BB3A0C-9454-41FA-8843-81DD91D8B79C}.Release|Any CPU.Build.0 = Release|Any CPU
		{2B7A0AE1-468E-454F-A1A8-B0E2E31C9BEF}.Debug|Any CPU.ActiveCfg = Debug|Any CPU
		{2B7A0AE1-468E-454F-A1A8-B0E2E31C9BEF}.Debug|Any CPU.Build.0 = Debug|Any CPU
		{2B7A0AE1-468E-454F-A1A8-B0E2E31C9BEF}.Release|Any CPU.ActiveCfg = Release|Any CPU
		{2B7A0AE1-468E-454F-A1A8-B0E2E31C9BEF}.Release|Any CPU.Build.0 = Release|Any CPU
	EndGlobalSection
	GlobalSection(SolutionProperties) = preSolution
		HideSolutionNode = FALSE
	EndGlobalSection
	GlobalSection(NestedProjects) = preSolution
		{658E4F88-5DBA-4EE1-B62A-8A008C62C514} = {A3ECBF03-0A5C-4D62-8426-A4DAA13CD1B7}
		{11CF0243-C34F-4BAC-AC58-2344346D5FE9} = {3F4D755D-BDBC-4CE2-950C-02C48BACEFB6}
		{3F4D755D-BDBC-4CE2-950C-02C48BACEFB6} = {6D3E322D-821A-445A-9ECE-6D36149BD98A}
		{A3ECBF03-0A5C-4D62-8426-A4DAA13CD1B7} = {6D3E322D-821A-445A-9ECE-6D36149BD98A}
		{5B66DADA-2CB7-49BF-B3BE-2428B5E3749D} = {3F4D755D-BDBC-4CE2-950C-02C48BACEFB6}
		{5E60DC25-57CC-4AB0-828F-5836F73A9796} = {C97D9093-A9A7-455C-A6D1-D0549FC185FB}
		{D4F534B2-77AA-4151-8D74-CA9615645351} = {C97D9093-A9A7-455C-A6D1-D0549FC185FB}
		{F13C03F0-592E-483F-B6DD-1E55AF6D1CFF} = {6D3E322D-821A-445A-9ECE-6D36149BD98A}
		{4BD0CEF2-0E2C-47E2-928E-E3E0869E4FA5} = {F13C03F0-592E-483F-B6DD-1E55AF6D1CFF}
		{DCC58A8A-93F8-47F7-862F-A9E2A014B569} = {81574463-A375-4F65-B2FA-AB28F4C14DAE}
		{0D4EE995-8706-4771-BB47-C65F7EECCD20} = {3F4D755D-BDBC-4CE2-950C-02C48BACEFB6}
		{36F3F7A4-1B32-4127-8546-BCDE8051B9E5} = {F13C03F0-592E-483F-B6DD-1E55AF6D1CFF}
		{669EE972-3363-4573-A21B-0F22F5242306} = {F13C03F0-592E-483F-B6DD-1E55AF6D1CFF}
		{FE5602B1-D600-48D8-8625-8860AAE6CF93} = {8989D21C-96FB-4469-B0B5-45195A23262B}
		{8060FBD1-E901-48D2-9A35-0477A9303F39} = {CFE57842-8BED-43E6-8826-3FD38DEC2EC7}
		{168CD441-85D0-4E5F-9C71-7B14619534C2} = {CFE57842-8BED-43E6-8826-3FD38DEC2EC7}
		{CF3361DA-2E27-4A5D-A273-CF1FFC85DB3D} = {8989D21C-96FB-4469-B0B5-45195A23262B}
		{BF6A788C-10F1-44E2-8E9B-1C93D987BB55} = {8989D21C-96FB-4469-B0B5-45195A23262B}
		{CFE57842-8BED-43E6-8826-3FD38DEC2EC7} = {8989D21C-96FB-4469-B0B5-45195A23262B}
		{AC8BC0C9-3501-4628-8820-81D3653C6204} = {3F4D755D-BDBC-4CE2-950C-02C48BACEFB6}
		{38BB3A0C-9454-41FA-8843-81DD91D8B79C} = {BD37F78A-16FA-4B17-B1A5-82D4B46E8C3A}
	EndGlobalSection
	GlobalSection(ExtensibilityGlobals) = postSolution
		SolutionGuid = {37609DD0-B999-4552-AE8B-B64CBB6C315E}
	EndGlobalSection
EndGlobal
