
Microsoft Visual Studio Solution File, Format Version 12.00
# Visual Studio Version 17
VisualStudioVersion = 17.7.34202.233
MinimumVisualStudioVersion = 10.0.40219.1
Project("{FAE04EC0-301F-11D3-BF4B-00C04F79EFBC}") = "XUnitApp", "XUnitApp.csproj", "{4FA1E22E-B317-43B2-A26E-A9E1DA8204DA}"
EndProject
Global
	GlobalSection(SolutionConfigurationPlatforms) = preSolution
		Debug|Any CPU = Debug|Any CPU
		Release|Any CPU = Release|Any CPU
	EndGlobalSection
	GlobalSection(ProjectConfigurationPlatforms) = postSolution
		{4FA1E22E-B317-43B2-A26E-A9E1DA8204DA}.Debug|Any CPU.ActiveCfg = Debug|Any CPU
		{4FA1E22E-B317-43B2-A26E-A9E1DA8204DA}.Debug|Any CPU.Build.0 = Debug|Any CPU
		{4FA1E22E-B317-43B2-A26E-A9E1DA8204DA}.Release|Any CPU.ActiveCfg = Release|Any CPU
		{4FA1E22E-B317-43B2-A26E-A9E1DA8204DA}.Release|Any CPU.Build.0 = Release|Any CPU
	EndGlobalSection
	GlobalSection(SolutionProperties) = preSolution
		HideSolutionNode = FALSE
	EndGlobalSection
	GlobalSection(ExtensibilityGlobals) = postSolution
		SolutionGuid = {D7247D22-7220-4FE7-B754-3EA0C33DDC75}
	EndGlobalSection
EndGlobal
